
Microsoft Visual Studio Solution File, Format Version 12.00
# Visual Studio Version 17
VisualStudioVersion = 17.12.35707.178 d17.12
MinimumVisualStudioVersion = 10.0.40219.1
Project("{FAE04EC0-301F-11D3-BF4B-00C04F79EFBC}") = "TCC.ConApp", "TCC.ConApp\TCC.ConApp.csproj", "{6FDE03D7-8CE7-4D11-82F6-49732103CEBE}"
EndProject
Project("{FAE04EC0-301F-11D3-BF4B-00C04F79EFBC}") = "TCC.Logic", "TCC.Logic\TCC.Logic.csproj", "{2AF0CF6B-EC20-4B05-9EE9-40B4D300EDD9}"
EndProject
Project("{FAE04EC0-301F-11D3-BF4B-00C04F79EFBC}") = "TCC.Asp", "TCC.Asp\TCC.Asp.csproj", "{E07D3BFE-B7C3-4F66-9BF8-BA4A91F2423A}"
EndProject
Global
	GlobalSection(SolutionConfigurationPlatforms) = preSolution
		Debug|Any CPU = Debug|Any CPU
		Release|Any CPU = Release|Any CPU
	EndGlobalSection
	GlobalSection(ProjectConfigurationPlatforms) = postSolution
		{6FDE03D7-8CE7-4D11-82F6-49732103CEBE}.Debug|Any CPU.ActiveCfg = Debug|Any CPU
		{6FDE03D7-8CE7-4D11-82F6-49732103CEBE}.Debug|Any CPU.Build.0 = Debug|Any CPU
		{6FDE03D7-8CE7-4D11-82F6-49732103CEBE}.Release|Any CPU.ActiveCfg = Release|Any CPU
		{6FDE03D7-8CE7-4D11-82F6-49732103CEBE}.Release|Any CPU.Build.0 = Release|Any CPU
		{2AF0CF6B-EC20-4B05-9EE9-40B4D300EDD9}.Debug|Any CPU.ActiveCfg = Debug|Any CPU
		{2AF0CF6B-EC20-4B05-9EE9-40B4D300EDD9}.Debug|Any CPU.Build.0 = Debug|Any CPU
		{2AF0CF6B-EC20-4B05-9EE9-40B4D300EDD9}.Release|Any CPU.ActiveCfg = Release|Any CPU
		{2AF0CF6B-EC20-4B05-9EE9-40B4D300EDD9}.Release|Any CPU.Build.0 = Release|Any CPU
		{E07D3BFE-B7C3-4F66-9BF8-BA4A91F2423A}.Debug|Any CPU.ActiveCfg = Debug|Any CPU
		{E07D3BFE-B7C3-4F66-9BF8-BA4A91F2423A}.Debug|Any CPU.Build.0 = Debug|Any CPU
		{E07D3BFE-B7C3-4F66-9BF8-BA4A91F2423A}.Release|Any CPU.ActiveCfg = Release|Any CPU
		{E07D3BFE-B7C3-4F66-9BF8-BA4A91F2423A}.Release|Any CPU.Build.0 = Release|Any CPU
	EndGlobalSection
	GlobalSection(SolutionProperties) = preSolution
		HideSolutionNode = FALSE
	EndGlobalSection
EndGlobal
